
Microsoft Visual Studio Solution File, Format Version 12.00
# Visual Studio 15
VisualStudioVersion = 15.0.28010.2019
MinimumVisualStudioVersion = 10.0.40219.1
Project("{FAE04EC0-301F-11D3-BF4B-00C04F79EFBC}") = "BigBrother.Android", "BigBrother\BigBrother.Android\BigBrother.Android.csproj", "{24CE3C36-16B9-426D-AA0C-5961ECF8D88C}"
EndProject
Project("{FAE04EC0-301F-11D3-BF4B-00C04F79EFBC}") = "BigBrother.iOS", "BigBrother\BigBrother.iOS\BigBrother.iOS.csproj", "{CCEA17FE-46CB-4923-A58C-D1817569AC0F}"
EndProject
Project("{FAE04EC0-301F-11D3-BF4B-00C04F79EFBC}") = "BigBrother.UWP", "BigBrother\BigBrother.UWP\BigBrother.UWP.csproj", "{0DA17F60-CE82-437E-B980-DAA5C80334B0}"
EndProject
Project("{9A19103F-16F7-4668-BE54-9A1E7A4F7556}") = "BigBrother", "BigBrother\BigBrother\BigBrother.csproj", "{98AA9AFC-1E1E-46CD-A6E8-D60B596E8884}"
EndProject
Project("{2150E333-8FDC-42A3-9474-1A3956D46DE8}") = "Solution Items", "Solution Items", "{A925F268-34AD-4B78-863F-BB96155E8C3C}"
	ProjectSection(SolutionItems) = preProject
		BigBrother\DeltaHeavy_WhiteFlag.mp4 = BigBrother\DeltaHeavy_WhiteFlag.mp4
		BigBrother\opencv_ffmpeg341.dll = BigBrother\opencv_ffmpeg341.dll
		BigBrother\OpenCvSharpExtern.dll = BigBrother\OpenCvSharpExtern.dll
	EndProjectSection
EndProject
Global
	GlobalSection(SolutionConfigurationPlatforms) = preSolution
		Debug|Any CPU = Debug|Any CPU
		Debug|ARM = Debug|ARM
		Debug|iPhone = Debug|iPhone
		Debug|iPhoneSimulator = Debug|iPhoneSimulator
		Debug|x64 = Debug|x64
		Debug|x86 = Debug|x86
		Release|Any CPU = Release|Any CPU
		Release|ARM = Release|ARM
		Release|iPhone = Release|iPhone
		Release|iPhoneSimulator = Release|iPhoneSimulator
		Release|x64 = Release|x64
		Release|x86 = Release|x86
	EndGlobalSection
	GlobalSection(ProjectConfigurationPlatforms) = postSolution
		{24CE3C36-16B9-426D-AA0C-5961ECF8D88C}.Debug|Any CPU.ActiveCfg = Debug|Any CPU
		{24CE3C36-16B9-426D-AA0C-5961ECF8D88C}.Debug|Any CPU.Build.0 = Debug|Any CPU
		{24CE3C36-16B9-426D-AA0C-5961ECF8D88C}.Debug|Any CPU.Deploy.0 = Debug|Any CPU
		{24CE3C36-16B9-426D-AA0C-5961ECF8D88C}.Debug|ARM.ActiveCfg = Debug|Any CPU
		{24CE3C36-16B9-426D-AA0C-5961ECF8D88C}.Debug|ARM.Build.0 = Debug|Any CPU
		{24CE3C36-16B9-426D-AA0C-5961ECF8D88C}.Debug|ARM.Deploy.0 = Debug|Any CPU
		{24CE3C36-16B9-426D-AA0C-5961ECF8D88C}.Debug|iPhone.ActiveCfg = Debug|Any CPU
		{24CE3C36-16B9-426D-AA0C-5961ECF8D88C}.Debug|iPhone.Build.0 = Debug|Any CPU
		{24CE3C36-16B9-426D-AA0C-5961ECF8D88C}.Debug|iPhone.Deploy.0 = Debug|Any CPU
		{24CE3C36-16B9-426D-AA0C-5961ECF8D88C}.Debug|iPhoneSimulator.ActiveCfg = Debug|Any CPU
		{24CE3C36-16B9-426D-AA0C-5961ECF8D88C}.Debug|iPhoneSimulator.Build.0 = Debug|Any CPU
		{24CE3C36-16B9-426D-AA0C-5961ECF8D88C}.Debug|iPhoneSimulator.Deploy.0 = Debug|Any CPU
		{24CE3C36-16B9-426D-AA0C-5961ECF8D88C}.Debug|x64.ActiveCfg = Debug|Any CPU
		{24CE3C36-16B9-426D-AA0C-5961ECF8D88C}.Debug|x64.Build.0 = Debug|Any CPU
		{24CE3C36-16B9-426D-AA0C-5961ECF8D88C}.Debug|x64.Deploy.0 = Debug|Any CPU
		{24CE3C36-16B9-426D-AA0C-5961ECF8D88C}.Debug|x86.ActiveCfg = Debug|Any CPU
		{24CE3C36-16B9-426D-AA0C-5961ECF8D88C}.Debug|x86.Build.0 = Debug|Any CPU
		{24CE3C36-16B9-426D-AA0C-5961ECF8D88C}.Debug|x86.Deploy.0 = Debug|Any CPU
		{24CE3C36-16B9-426D-AA0C-5961ECF8D88C}.Release|Any CPU.ActiveCfg = Release|Any CPU
		{24CE3C36-16B9-426D-AA0C-5961ECF8D88C}.Release|Any CPU.Build.0 = Release|Any CPU
		{24CE3C36-16B9-426D-AA0C-5961ECF8D88C}.Release|Any CPU.Deploy.0 = Release|Any CPU
		{24CE3C36-16B9-426D-AA0C-5961ECF8D88C}.Release|ARM.ActiveCfg = Release|Any CPU
		{24CE3C36-16B9-426D-AA0C-5961ECF8D88C}.Release|ARM.Build.0 = Release|Any CPU
		{24CE3C36-16B9-426D-AA0C-5961ECF8D88C}.Release|ARM.Deploy.0 = Release|Any CPU
		{24CE3C36-16B9-426D-AA0C-5961ECF8D88C}.Release|iPhone.ActiveCfg = Release|Any CPU
		{24CE3C36-16B9-426D-AA0C-5961ECF8D88C}.Release|iPhone.Build.0 = Release|Any CPU
		{24CE3C36-16B9-426D-AA0C-5961ECF8D88C}.Release|iPhone.Deploy.0 = Release|Any CPU
		{24CE3C36-16B9-426D-AA0C-5961ECF8D88C}.Release|iPhoneSimulator.ActiveCfg = Release|Any CPU
		{24CE3C36-16B9-426D-AA0C-5961ECF8D88C}.Release|iPhoneSimulator.Build.0 = Release|Any CPU
		{24CE3C36-16B9-426D-AA0C-5961ECF8D88C}.Release|iPhoneSimulator.Deploy.0 = Release|Any CPU
		{24CE3C36-16B9-426D-AA0C-5961ECF8D88C}.Release|x64.ActiveCfg = Release|Any CPU
		{24CE3C36-16B9-426D-AA0C-5961ECF8D88C}.Release|x64.Build.0 = Release|Any CPU
		{24CE3C36-16B9-426D-AA0C-5961ECF8D88C}.Release|x64.Deploy.0 = Release|Any CPU
		{24CE3C36-16B9-426D-AA0C-5961ECF8D88C}.Release|x86.ActiveCfg = Release|Any CPU
		{24CE3C36-16B9-426D-AA0C-5961ECF8D88C}.Release|x86.Build.0 = Release|Any CPU
		{24CE3C36-16B9-426D-AA0C-5961ECF8D88C}.Release|x86.Deploy.0 = Release|Any CPU
		{CCEA17FE-46CB-4923-A58C-D1817569AC0F}.Debug|Any CPU.ActiveCfg = Debug|iPhoneSimulator
		{CCEA17FE-46CB-4923-A58C-D1817569AC0F}.Debug|Any CPU.Build.0 = Debug|iPhoneSimulator
		{CCEA17FE-46CB-4923-A58C-D1817569AC0F}.Debug|Any CPU.Deploy.0 = Debug|iPhoneSimulator
		{CCEA17FE-46CB-4923-A58C-D1817569AC0F}.Debug|ARM.ActiveCfg = Debug|iPhone
		{CCEA17FE-46CB-4923-A58C-D1817569AC0F}.Debug|ARM.Build.0 = Debug|iPhone
		{CCEA17FE-46CB-4923-A58C-D1817569AC0F}.Debug|ARM.Deploy.0 = Debug|iPhone
		{CCEA17FE-46CB-4923-A58C-D1817569AC0F}.Debug|iPhone.ActiveCfg = Debug|iPhone
		{CCEA17FE-46CB-4923-A58C-D1817569AC0F}.Debug|iPhone.Build.0 = Debug|iPhone
		{CCEA17FE-46CB-4923-A58C-D1817569AC0F}.Debug|iPhone.Deploy.0 = Debug|iPhone
		{CCEA17FE-46CB-4923-A58C-D1817569AC0F}.Debug|iPhoneSimulator.ActiveCfg = Debug|iPhoneSimulator
		{CCEA17FE-46CB-4923-A58C-D1817569AC0F}.Debug|iPhoneSimulator.Build.0 = Debug|iPhoneSimulator
		{CCEA17FE-46CB-4923-A58C-D1817569AC0F}.Debug|iPhoneSimulator.Deploy.0 = Debug|iPhoneSimulator
		{CCEA17FE-46CB-4923-A58C-D1817569AC0F}.Debug|x64.ActiveCfg = Debug|iPhone
		{CCEA17FE-46CB-4923-A58C-D1817569AC0F}.Debug|x64.Build.0 = Debug|iPhone
		{CCEA17FE-46CB-4923-A58C-D1817569AC0F}.Debug|x64.Deploy.0 = Debug|iPhone
		{CCEA17FE-46CB-4923-A58C-D1817569AC0F}.Debug|x86.ActiveCfg = Debug|iPhone
		{CCEA17FE-46CB-4923-A58C-D1817569AC0F}.Debug|x86.Build.0 = Debug|iPhone
		{CCEA17FE-46CB-4923-A58C-D1817569AC0F}.Debug|x86.Deploy.0 = Debug|iPhone
		{CCEA17FE-46CB-4923-A58C-D1817569AC0F}.Release|Any CPU.ActiveCfg = Release|iPhone
		{CCEA17FE-46CB-4923-A58C-D1817569AC0F}.Release|Any CPU.Build.0 = Release|iPhone
		{CCEA17FE-46CB-4923-A58C-D1817569AC0F}.Release|Any CPU.Deploy.0 = Release|iPhone
		{CCEA17FE-46CB-4923-A58C-D1817569AC0F}.Release|ARM.ActiveCfg = Release|iPhone
		{CCEA17FE-46CB-4923-A58C-D1817569AC0F}.Release|ARM.Build.0 = Release|iPhone
		{CCEA17FE-46CB-4923-A58C-D1817569AC0F}.Release|ARM.Deploy.0 = Release|iPhone
		{CCEA17FE-46CB-4923-A58C-D1817569AC0F}.Release|iPhone.ActiveCfg = Release|iPhone
		{CCEA17FE-46CB-4923-A58C-D1817569AC0F}.Release|iPhone.Build.0 = Release|iPhone
		{CCEA17FE-46CB-4923-A58C-D1817569AC0F}.Release|iPhone.Deploy.0 = Release|iPhone
		{CCEA17FE-46CB-4923-A58C-D1817569AC0F}.Release|iPhoneSimulator.ActiveCfg = Release|iPhoneSimulator
		{CCEA17FE-46CB-4923-A58C-D1817569AC0F}.Release|iPhoneSimulator.Build.0 = Release|iPhoneSimulator
		{CCEA17FE-46CB-4923-A58C-D1817569AC0F}.Release|iPhoneSimulator.Deploy.0 = Release|iPhoneSimulator
		{CCEA17FE-46CB-4923-A58C-D1817569AC0F}.Release|x64.ActiveCfg = Release|iPhone
		{CCEA17FE-46CB-4923-A58C-D1817569AC0F}.Release|x64.Build.0 = Release|iPhone
		{CCEA17FE-46CB-4923-A58C-D1817569AC0F}.Release|x64.Deploy.0 = Release|iPhone
		{CCEA17FE-46CB-4923-A58C-D1817569AC0F}.Release|x86.ActiveCfg = Release|iPhone
		{CCEA17FE-46CB-4923-A58C-D1817569AC0F}.Release|x86.Build.0 = Release|iPhone
		{CCEA17FE-46CB-4923-A58C-D1817569AC0F}.Release|x86.Deploy.0 = Release|iPhone
		{0DA17F60-CE82-437E-B980-DAA5C80334B0}.Debug|Any CPU.ActiveCfg = Debug|x86
		{0DA17F60-CE82-437E-B980-DAA5C80334B0}.Debug|Any CPU.Build.0 = Debug|x86
		{0DA17F60-CE82-437E-B980-DAA5C80334B0}.Debug|Any CPU.Deploy.0 = Debug|x86
		{0DA17F60-CE82-437E-B980-DAA5C80334B0}.Debug|ARM.ActiveCfg = Debug|ARM
		{0DA17F60-CE82-437E-B980-DAA5C80334B0}.Debug|ARM.Build.0 = Debug|ARM
		{0DA17F60-CE82-437E-B980-DAA5C80334B0}.Debug|ARM.Deploy.0 = Debug|ARM
		{0DA17F60-CE82-437E-B980-DAA5C80334B0}.Debug|iPhone.ActiveCfg = Debug|x86
		{0DA17F60-CE82-437E-B980-DAA5C80334B0}.Debug|iPhone.Build.0 = Debug|x86
		{0DA17F60-CE82-437E-B980-DAA5C80334B0}.Debug|iPhone.Deploy.0 = Debug|x86
		{0DA17F60-CE82-437E-B980-DAA5C80334B0}.Debug|iPhoneSimulator.ActiveCfg = Debug|x86
		{0DA17F60-CE82-437E-B980-DAA5C80334B0}.Debug|iPhoneSimulator.Build.0 = Debug|x86
		{0DA17F60-CE82-437E-B980-DAA5C80334B0}.Debug|iPhoneSimulator.Deploy.0 = Debug|x86
		{0DA17F60-CE82-437E-B980-DAA5C80334B0}.Debug|x64.ActiveCfg = Debug|x64
		{0DA17F60-CE82-437E-B980-DAA5C80334B0}.Debug|x64.Build.0 = Debug|x64
		{0DA17F60-CE82-437E-B980-DAA5C80334B0}.Debug|x64.Deploy.0 = Debug|x64
		{0DA17F60-CE82-437E-B980-DAA5C80334B0}.Debug|x86.ActiveCfg = Debug|x86
		{0DA17F60-CE82-437E-B980-DAA5C80334B0}.Debug|x86.Build.0 = Debug|x86
		{0DA17F60-CE82-437E-B980-DAA5C80334B0}.Debug|x86.Deploy.0 = Debug|x86
		{0DA17F60-CE82-437E-B980-DAA5C80334B0}.Release|Any CPU.ActiveCfg = Release|x86
		{0DA17F60-CE82-437E-B980-DAA5C80334B0}.Release|Any CPU.Build.0 = Release|x86
		{0DA17F60-CE82-437E-B980-DAA5C80334B0}.Release|Any CPU.Deploy.0 = Release|x86
		{0DA17F60-CE82-437E-B980-DAA5C80334B0}.Release|ARM.ActiveCfg = Release|ARM
		{0DA17F60-CE82-437E-B980-DAA5C80334B0}.Release|ARM.Build.0 = Release|ARM
		{0DA17F60-CE82-437E-B980-DAA5C80334B0}.Release|ARM.Deploy.0 = Release|ARM
		{0DA17F60-CE82-437E-B980-DAA5C80334B0}.Release|iPhone.ActiveCfg = Release|x86
		{0DA17F60-CE82-437E-B980-DAA5C80334B0}.Release|iPhone.Build.0 = Release|x86
		{0DA17F60-CE82-437E-B980-DAA5C80334B0}.Release|iPhone.Deploy.0 = Release|x86
		{0DA17F60-CE82-437E-B980-DAA5C80334B0}.Release|iPhoneSimulator.ActiveCfg = Release|x86
		{0DA17F60-CE82-437E-B980-DAA5C80334B0}.Release|iPhoneSimulator.Build.0 = Release|x86
		{0DA17F60-CE82-437E-B980-DAA5C80334B0}.Release|iPhoneSimulator.Deploy.0 = Release|x86
		{0DA17F60-CE82-437E-B980-DAA5C80334B0}.Release|x64.ActiveCfg = Release|x64
		{0DA17F60-CE82-437E-B980-DAA5C80334B0}.Release|x64.Build.0 = Release|x64
		{0DA17F60-CE82-437E-B980-DAA5C80334B0}.Release|x64.Deploy.0 = Release|x64
		{0DA17F60-CE82-437E-B980-DAA5C80334B0}.Release|x86.ActiveCfg = Release|x86
		{0DA17F60-CE82-437E-B980-DAA5C80334B0}.Release|x86.Build.0 = Release|x86
		{0DA17F60-CE82-437E-B980-DAA5C80334B0}.Release|x86.Deploy.0 = Release|x86
		{98AA9AFC-1E1E-46CD-A6E8-D60B596E8884}.Debug|Any CPU.ActiveCfg = Debug|Any CPU
		{98AA9AFC-1E1E-46CD-A6E8-D60B596E8884}.Debug|Any CPU.Build.0 = Debug|Any CPU
		{98AA9AFC-1E1E-46CD-A6E8-D60B596E8884}.Debug|Any CPU.Deploy.0 = Debug|Any CPU
		{98AA9AFC-1E1E-46CD-A6E8-D60B596E8884}.Debug|ARM.ActiveCfg = Debug|Any CPU
		{98AA9AFC-1E1E-46CD-A6E8-D60B596E8884}.Debug|ARM.Build.0 = Debug|Any CPU
		{98AA9AFC-1E1E-46CD-A6E8-D60B596E8884}.Debug|ARM.Deploy.0 = Debug|Any CPU
		{98AA9AFC-1E1E-46CD-A6E8-D60B596E8884}.Debug|iPhone.ActiveCfg = Debug|Any CPU
		{98AA9AFC-1E1E-46CD-A6E8-D60B596E8884}.Debug|iPhone.Build.0 = Debug|Any CPU
		{98AA9AFC-1E1E-46CD-A6E8-D60B596E8884}.Debug|iPhone.Deploy.0 = Debug|Any CPU
		{98AA9AFC-1E1E-46CD-A6E8-D60B596E8884}.Debug|iPhoneSimulator.ActiveCfg = Debug|Any CPU
		{98AA9AFC-1E1E-46CD-A6E8-D60B596E8884}.Debug|iPhoneSimulator.Build.0 = Debug|Any CPU
		{98AA9AFC-1E1E-46CD-A6E8-D60B596E8884}.Debug|iPhoneSimulator.Deploy.0 = Debug|Any CPU
		{98AA9AFC-1E1E-46CD-A6E8-D60B596E8884}.Debug|x64.ActiveCfg = Debug|Any CPU
		{98AA9AFC-1E1E-46CD-A6E8-D60B596E8884}.Debug|x64.Build.0 = Debug|Any CPU
		{98AA9AFC-1E1E-46CD-A6E8-D60B596E8884}.Debug|x64.Deploy.0 = Debug|Any CPU
		{98AA9AFC-1E1E-46CD-A6E8-D60B596E8884}.Debug|x86.ActiveCfg = Debug|Any CPU
		{98AA9AFC-1E1E-46CD-A6E8-D60B596E8884}.Debug|x86.Build.0 = Debug|Any CPU
		{98AA9AFC-1E1E-46CD-A6E8-D60B596E8884}.Debug|x86.Deploy.0 = Debug|Any CPU
		{98AA9AFC-1E1E-46CD-A6E8-D60B596E8884}.Release|Any CPU.ActiveCfg = Release|Any CPU
		{98AA9AFC-1E1E-46CD-A6E8-D60B596E8884}.Release|Any CPU.Build.0 = Release|Any CPU
		{98AA9AFC-1E1E-46CD-A6E8-D60B596E8884}.Release|Any CPU.Deploy.0 = Release|Any CPU
		{98AA9AFC-1E1E-46CD-A6E8-D60B596E8884}.Release|ARM.ActiveCfg = Release|Any CPU
		{98AA9AFC-1E1E-46CD-A6E8-D60B596E8884}.Release|ARM.Build.0 = Release|Any CPU
		{98AA9AFC-1E1E-46CD-A6E8-D60B596E8884}.Release|ARM.Deploy.0 = Release|Any CPU
		{98AA9AFC-1E1E-46CD-A6E8-D60B596E8884}.Release|iPhone.ActiveCfg = Release|Any CPU
		{98AA9AFC-1E1E-46CD-A6E8-D60B596E8884}.Release|iPhone.Build.0 = Release|Any CPU
		{98AA9AFC-1E1E-46CD-A6E8-D60B596E8884}.Release|iPhone.Deploy.0 = Release|Any CPU
		{98AA9AFC-1E1E-46CD-A6E8-D60B596E8884}.Release|iPhoneSimulator.ActiveCfg = Release|Any CPU
		{98AA9AFC-1E1E-46CD-A6E8-D60B596E8884}.Release|iPhoneSimulator.Build.0 = Release|Any CPU
		{98AA9AFC-1E1E-46CD-A6E8-D60B596E8884}.Release|iPhoneSimulator.Deploy.0 = Release|Any CPU
		{98AA9AFC-1E1E-46CD-A6E8-D60B596E8884}.Release|x64.ActiveCfg = Release|Any CPU
		{98AA9AFC-1E1E-46CD-A6E8-D60B596E8884}.Release|x64.Build.0 = Release|Any CPU
		{98AA9AFC-1E1E-46CD-A6E8-D60B596E8884}.Release|x64.Deploy.0 = Release|Any CPU
		{98AA9AFC-1E1E-46CD-A6E8-D60B596E8884}.Release|x86.ActiveCfg = Release|Any CPU
		{98AA9AFC-1E1E-46CD-A6E8-D60B596E8884}.Release|x86.Build.0 = Release|Any CPU
		{98AA9AFC-1E1E-46CD-A6E8-D60B596E8884}.Release|x86.Deploy.0 = Release|Any CPU
	EndGlobalSection
	GlobalSection(SolutionProperties) = preSolution
		HideSolutionNode = FALSE
	EndGlobalSection
	GlobalSection(ExtensibilityGlobals) = postSolution
		SolutionGuid = {39EAE481-5F75-4F5E-B456-94E611A74308}
	EndGlobalSection
EndGlobal
